
Microsoft Visual Studio Solution File, Format Version 12.00
Project("{FAE04EC0-301F-11D3-BF4B-00C04F79EFBC}") = "Codility", "Codility\Codility.csproj", "{55C25C81-967D-49D1-A840-0146299ED5D7}"
EndProject
Project("{FAE04EC0-301F-11D3-BF4B-00C04F79EFBC}") = "Codility.Tests", "Codility.Tests\Codility.Tests.csproj", "{9038D93B-6AE9-4FCE-A89A-F5F06D8B65BB}"
EndProject
Global
	GlobalSection(SolutionConfigurationPlatforms) = preSolution
		Debug|Any CPU = Debug|Any CPU
		Release|Any CPU = Release|Any CPU
	EndGlobalSection
	GlobalSection(ProjectConfigurationPlatforms) = postSolution
		{55C25C81-967D-49D1-A840-0146299ED5D7}.Debug|Any CPU.ActiveCfg = Debug|Any CPU
		{55C25C81-967D-49D1-A840-0146299ED5D7}.Debug|Any CPU.Build.0 = Debug|Any CPU
		{55C25C81-967D-49D1-A840-0146299ED5D7}.Release|Any CPU.ActiveCfg = Release|Any CPU
		{55C25C81-967D-49D1-A840-0146299ED5D7}.Release|Any CPU.Build.0 = Release|Any CPU
		{9038D93B-6AE9-4FCE-A89A-F5F06D8B65BB}.Debug|Any CPU.ActiveCfg = Debug|Any CPU
		{9038D93B-6AE9-4FCE-A89A-F5F06D8B65BB}.Debug|Any CPU.Build.0 = Debug|Any CPU
		{9038D93B-6AE9-4FCE-A89A-F5F06D8B65BB}.Release|Any CPU.ActiveCfg = Release|Any CPU
		{9038D93B-6AE9-4FCE-A89A-F5F06D8B65BB}.Release|Any CPU.Build.0 = Release|Any CPU
	EndGlobalSection
EndGlobal
